{
  "name": "swift-toolkit",
  "lockfileVersion": 3,
  "requires": true,
  "packages": {
    "": {
      "dependencies": {
        "corepack": "^0.29.4"
      }
    },
    "node_modules/corepack": {
      "version": "0.29.4",
      "resolved": "https://registry.npmjs.org/corepack/-/corepack-0.29.4.tgz",
      "integrity": "sha512-0U36BmJQrEg14DeLkY/7GEuaUqpL4bt5Oe1OIPdRvepPQULZzp4jDDQqWFcbjJqTEMiQk92KmCUBpKSVtMqUxA==",
      "license": "MIT",
      "bin": {
        "corepack": "dist/corepack.js",
        "pnpm": "dist/pnpm.js",
        "pnpx": "dist/pnpx.js",
        "yarn": "dist/yarn.js",
        "yarnpkg": "dist/yarnpkg.js"
      },
      "engines": {
        "node": "^18.17.1 || >=20.10.0"
      }
    }
  }
}
